
Microsoft Visual Studio Solution File, Format Version 12.00
# Visual Studio 2013
VisualStudioVersion = 12.0.40629.0
MinimumVisualStudioVersion = 10.0.40219.1
Project("{8BC9CEB8-8B4A-11D0-8D11-00A0C91BC942}") = "练习2-1", "练习2-1\练习2-1.vcxproj", "{3584F077-8C4D-404C-85C8-A14D2F4CA592}"
EndProject
Global
	GlobalSection(SolutionConfigurationPlatforms) = preSolution
		Debug|Win32 = Debug|Win32
		Release|Win32 = Release|Win32
	EndGlobalSection
	GlobalSection(ProjectConfigurationPlatforms) = postSolution
		{3584F077-8C4D-404C-85C8-A14D2F4CA592}.Debug|Win32.ActiveCfg = Debug|Win32
		{3584F077-8C4D-404C-85C8-A14D2F4CA592}.Debug|Win32.Build.0 = Debug|Win32
		{3584F077-8C4D-404C-85C8-A14D2F4CA592}.Release|Win32.ActiveCfg = Release|Win32
		{3584F077-8C4D-404C-85C8-A14D2F4CA592}.Release|Win32.Build.0 = Release|Win32
	EndGlobalSection
	GlobalSection(SolutionProperties) = preSolution
		HideSolutionNode = FALSE
	EndGlobalSection
EndGlobal
