
Microsoft Visual Studio Solution File, Format Version 12.00
# Visual Studio 2013
VisualStudioVersion = 12.0.40629.0
MinimumVisualStudioVersion = 10.0.40219.1
Project("{8BC9CEB8-8B4A-11D0-8D11-00A0C91BC942}") = "5-8", "5-8\5-8.vcxproj", "{664348C1-4C4D-47E7-B139-27B4C5AE0EC0}"
EndProject
Global
	GlobalSection(SolutionConfigurationPlatforms) = preSolution
		Debug|Win32 = Debug|Win32
		Release|Win32 = Release|Win32
	EndGlobalSection
	GlobalSection(ProjectConfigurationPlatforms) = postSolution
		{664348C1-4C4D-47E7-B139-27B4C5AE0EC0}.Debug|Win32.ActiveCfg = Debug|Win32
		{664348C1-4C4D-47E7-B139-27B4C5AE0EC0}.Debug|Win32.Build.0 = Debug|Win32
		{664348C1-4C4D-47E7-B139-27B4C5AE0EC0}.Release|Win32.ActiveCfg = Release|Win32
		{664348C1-4C4D-47E7-B139-27B4C5AE0EC0}.Release|Win32.Build.0 = Release|Win32
	EndGlobalSection
	GlobalSection(SolutionProperties) = preSolution
		HideSolutionNode = FALSE
	EndGlobalSection
EndGlobal
