
Microsoft Visual Studio Solution File, Format Version 12.00
# Visual Studio 2013
VisualStudioVersion = 12.0.40629.0
MinimumVisualStudioVersion = 10.0.40219.1
Project("{8BC9CEB8-8B4A-11D0-8D11-00A0C91BC942}") = "File", "File\File.vcxproj", "{979D6198-857B-4496-AD4B-0A72EB4447BC}"
EndProject
Global
	GlobalSection(SolutionConfigurationPlatforms) = preSolution
		Debug|Win32 = Debug|Win32
		Release|Win32 = Release|Win32
	EndGlobalSection
	GlobalSection(ProjectConfigurationPlatforms) = postSolution
		{979D6198-857B-4496-AD4B-0A72EB4447BC}.Debug|Win32.ActiveCfg = Debug|Win32
		{979D6198-857B-4496-AD4B-0A72EB4447BC}.Debug|Win32.Build.0 = Debug|Win32
		{979D6198-857B-4496-AD4B-0A72EB4447BC}.Release|Win32.ActiveCfg = Release|Win32
		{979D6198-857B-4496-AD4B-0A72EB4447BC}.Release|Win32.Build.0 = Release|Win32
	EndGlobalSection
	GlobalSection(SolutionProperties) = preSolution
		HideSolutionNode = FALSE
	EndGlobalSection
EndGlobal
